{\n  "name": "nhl-pool",\n  "version": "0.1.0",\n  "lockfileVersion": 3,\n  "requires": true,\n  "packages": {\n    "": {\n      "name": "nhl-pool",\n      "version": "0.1.0",\n      "dependencies": {\n        "@anthropic-ai/sdk": "^0.105.0",\n        "@supabase/supabase-js": "^2.103.3",\n        "@types/leaflet": "^1.9.21",\n        "leaflet": "^1.9.4",\n        "lucide-react": "^1.17.0",\n        "next": "16.2.4",\n        "react": "19.2.4",\n        "react-dom": "19.2.4",\n        "web-push": "^3.6.7"\n      },\n      "devDependencies": {\n        "@tailwindcss/postcss": "^4",\n        "@types/node": "^20",\n        "@types/react": "^19",\n        "@types/react-dom": "^19",\n        "@types/web-push": "^3.6.4",\n        "eslint": "^9",\n        "eslint-config-next": "16.2.4",\n        "tailwindcss": "^4",\n        "typescript": "^5"\n      }\n    }\n  }\n}