{
  "name": "nhl-pool",
  "version": "0.1.0",
  "lockfileVersion": 3,
  "requires": true,
  "packages": {
    "": {
      "name": "nhl-pool",
      "version": "0.1.0",
      "dependencies": {
        "@anthropic-ai/sdk": "^0.105.0",
        "@supabase/supabase-js": "^2.103.3",
        "@types/leaflet": "^1.9.21",
        "leaflet": "^1.9.4",
        "lucide-react": "^1.17.0",
        "next": "16.2.4",
        "react": "19.2.4",
        "react-dom": "19.2.4",
        "web-push": "^3.6.7"
      },
      "devDependencies": {
        "@tailwindcss/postcss": "^4",
        "@types/node": "^20",
        "@types/react": "^19",
        "@types/react-dom": "^19",
        "@types/web-push": "^3.6.4",
        "eslint": "^9",
        "eslint-config-next": "16.2.4",
        "tailwindcss": "^4",
        "typescript": "^5"
      }
    },
    "node_modules/@alloc/quick-lru": {
      "version": "5.2.0",
      "resolved": "https://registry.npmjs.org/@alloc/quick-lru/-/quick-lru-5.2.0.tgz",
      "integrity": "sha512-UrcABB+4bUrFABwbluTIBErXwvbsU/V7TZWfmbgJfbkwiBuziS9gxdODUyuiecfdGQ85jglMW6juS3+z5TsKLw==",
      "dev": true,
      "license": "MIT",
      "engines": {
        "node": ">=10"
      },
      "funding": {
        "url": "https://github.com/sponsors/sindresorhus"
      }
    },
    "node_modules/@anthropic-ai/sdk": {
      "version": "0.105.0",
      "resolved": "https://registry.npmjs.org/@anthropic-ai/sdk/-/sdk-0.105.0.tgz",
      "integrity": "sha512-sDyu+aM9cE6uZE+HgRjjHRb+qqb87GHZOx+8bE0YlWetdL1YcVLxn8h9ltxGOflyChTe6PMEo50kMQV4cw0hfg==",
      "license": "MIT",
      "dependencies": {
        "json-schema-to-ts": "^3.1.1",
        "standardwebhooks": "^1.0.0"
      },
      "bin": {
        "anthropic-ai-sdk": "bin/cli"
      },
      "peerDependencies": {
        "zod": "^3.25.0 || ^4.0.0"
      },
      "peerDependenciesMeta": {
        "zod": {
          "optional": true
        }
      }
    }
  }
}
